
Microsoft Visual Studio Solution File, Format Version 12.00
# Visual Studio Version 17
VisualStudioVersion = 17.4.33213.308
MinimumVisualStudioVersion = 10.0.40219.1
Project("{9A19103F-16F7-4668-BE54-9A1E7A4F7556}") = "GiveMeUsers", "GiveMeUsers.csproj", "{B7B47744-8B31-4502-B514-B3578776F9CC}"
EndProject
Project("{FAE04EC0-301F-11D3-BF4B-00C04F79EFBC}") = "UserTests", "..\UserTests\UserTests.csproj", "{30AB5413-F75C-4AC7-8D67-234BB37CA1A6}"
EndProject
Global
	GlobalSection(SolutionConfigurationPlatforms) = preSolution
		Debug|Any CPU = Debug|Any CPU
		Release|Any CPU = Release|Any CPU
	EndGlobalSection
	GlobalSection(ProjectConfigurationPlatforms) = postSolution
		{B7B47744-8B31-4502-B514-B3578776F9CC}.Debug|Any CPU.ActiveCfg = Debug|Any CPU
		{B7B47744-8B31-4502-B514-B3578776F9CC}.Debug|Any CPU.Build.0 = Debug|Any CPU
		{B7B47744-8B31-4502-B514-B3578776F9CC}.Release|Any CPU.ActiveCfg = Release|Any CPU
		{B7B47744-8B31-4502-B514-B3578776F9CC}.Release|Any CPU.Build.0 = Release|Any CPU
		{30AB5413-F75C-4AC7-8D67-234BB37CA1A6}.Debug|Any CPU.ActiveCfg = Debug|Any CPU
		{30AB5413-F75C-4AC7-8D67-234BB37CA1A6}.Debug|Any CPU.Build.0 = Debug|Any CPU
		{30AB5413-F75C-4AC7-8D67-234BB37CA1A6}.Release|Any CPU.ActiveCfg = Release|Any CPU
		{30AB5413-F75C-4AC7-8D67-234BB37CA1A6}.Release|Any CPU.Build.0 = Release|Any CPU
	EndGlobalSection
	GlobalSection(SolutionProperties) = preSolution
		HideSolutionNode = FALSE
	EndGlobalSection
	GlobalSection(ExtensibilityGlobals) = postSolution
		SolutionGuid = {1AAF4BD6-DA0F-42A1-BBFF-92596E92AD71}
	EndGlobalSection
EndGlobal
